
Microsoft Visual Studio Solution File, Format Version 12.00
# Visual Studio Version 17
VisualStudioVersion = 17.13.35931.197 d17.13
MinimumVisualStudioVersion = 10.0.40219.1
Project("{FAE04EC0-301F-11D3-BF4B-00C04F79EFBC}") = "Sistema de Gestion de Citas", "Sistema de Gestion de Citas\Sistema de Gestion de Citas.csproj", "{7AB3848F-1649-40F7-B3AE-718B59CE4896}"
EndProject
Global
	GlobalSection(SolutionConfigurationPlatforms) = preSolution
		Debug|Any CPU = Debug|Any CPU
		Release|Any CPU = Release|Any CPU
	EndGlobalSection
	GlobalSection(ProjectConfigurationPlatforms) = postSolution
		{7AB3848F-1649-40F7-B3AE-718B59CE4896}.Debug|Any CPU.ActiveCfg = Debug|Any CPU
		{7AB3848F-1649-40F7-B3AE-718B59CE4896}.Debug|Any CPU.Build.0 = Debug|Any CPU
		{7AB3848F-1649-40F7-B3AE-718B59CE4896}.Release|Any CPU.ActiveCfg = Release|Any CPU
		{7AB3848F-1649-40F7-B3AE-718B59CE4896}.Release|Any CPU.Build.0 = Release|Any CPU
	EndGlobalSection
	GlobalSection(SolutionProperties) = preSolution
		HideSolutionNode = FALSE
	EndGlobalSection
	GlobalSection(ExtensibilityGlobals) = postSolution
		SolutionGuid = {5404053A-81D9-4311-A7F0-9781B59721A2}
	EndGlobalSection
EndGlobal
